dependencies:
- name: openebs-crds
  repository: ""
  version: 4.6.1
- name: loki
  repository: https://grafana.github.io/helm-charts
  version: 6.29.0
- name: alloy
  repository: https://grafana.github.io/helm-charts
  version: 1.0.1
- name: localpv-provisioner
  repository: https://openebs.github.io/dynamic-localpv-provisioner
  version: 4.6.0
- name: zfs-localpv
  repository: https://openebs.github.io/zfs-localpv
  version: 2.11.1
- name: lvm-localpv
  repository: https://openebs.github.io/lvm-localpv
  version: 1.10.1
- name: rawfile-localpv
  repository: https://openebs.github.io/rawfile-localpv
  version: 0.15.1
- name: mayastor
  repository: https://openebs.github.io/mayastor-extensions
  version: 2.12.1
digest: sha256:41782a30d4c058c7fb3c2f38b362300af378f16b7ea0be47214a3348765f5f53
generated: "2026-09-09T07:45:24.726878687Z"
