dependencies:
- name: crds
  repository: ""
  version: 0.0.0
- name: kube-state-metrics
  repository: https://prometheus-community.github.io/helm-charts
  version: 7.2.2
- name: prometheus-node-exporter
  repository: https://prometheus-community.github.io/helm-charts
  version: 4.52.2
- name: grafana
  repository: https://grafana-community.github.io/helm-charts
  version: 11.3.4
- name: prometheus-windows-exporter
  repository: https://prometheus-community.github.io/helm-charts
  version: 0.12.5
digest: sha256:f54f53bafa23964c7a8053ffb68555ae39ab1fb674ab2d9a059f8049ff7159ec
generated: "2026-03-24T18:51:04.785514294Z"
