dependencies:
- name: crds
  repository: ""
  version: 0.0.0
- name: kube-state-metrics
  repository: https://prometheus-community.github.io/helm-charts
  version: 7.2.2
- name: prometheus-node-exporter
  repository: https://prometheus-community.github.io/helm-charts
  version: 4.53.1
- name: grafana
  repository: https://grafana-community.github.io/helm-charts
  version: 12.1.1
- name: prometheus-windows-exporter
  repository: https://prometheus-community.github.io/helm-charts
  version: 0.12.6
digest: sha256:1647b8bc20851edd250b20d6dcd79d0e963533244cb4ea23d49437146c14c7c0
generated: "2026-04-25T07:27:43.630828826Z"
